
Microsoft Visual Studio Solution File, Format Version 12.00
# Visual Studio 15
VisualStudioVersion = 15.0.27130.2024
MinimumVisualStudioVersion = 10.0.40219.1
Project("{9A19103F-16F7-4668-BE54-9A1E7A4F7556}") = "Eternal", "Eternal\Eternal.csproj", "{C177B523-46FA-4015-AD8F-3D93A7EC4B8A}"
EndProject
Project("{FAE04EC0-301F-11D3-BF4B-00C04F79EFBC}") = "Eternal.Tests", "Eternal.Tests\Eternal.Tests.csproj", "{2D5A8C29-75A3-4788-BB7C-E998061D4CE2}"
EndProject
Global
	GlobalSection(SolutionConfigurationPlatforms) = preSolution
		Debug|Any CPU = Debug|Any CPU
		Release|Any CPU = Release|Any CPU
	EndGlobalSection
	GlobalSection(ProjectConfigurationPlatforms) = postSolution
		{C177B523-46FA-4015-AD8F-3D93A7EC4B8A}.Debug|Any CPU.ActiveCfg = Debug|Any CPU
		{C177B523-46FA-4015-AD8F-3D93A7EC4B8A}.Debug|Any CPU.Build.0 = Debug|Any CPU
		{C177B523-46FA-4015-AD8F-3D93A7EC4B8A}.Release|Any CPU.ActiveCfg = Release|Any CPU
		{C177B523-46FA-4015-AD8F-3D93A7EC4B8A}.Release|Any CPU.Build.0 = Release|Any CPU
		{2D5A8C29-75A3-4788-BB7C-E998061D4CE2}.Debug|Any CPU.ActiveCfg = Debug|Any CPU
		{2D5A8C29-75A3-4788-BB7C-E998061D4CE2}.Debug|Any CPU.Build.0 = Debug|Any CPU
		{2D5A8C29-75A3-4788-BB7C-E998061D4CE2}.Release|Any CPU.ActiveCfg = Release|Any CPU
		{2D5A8C29-75A3-4788-BB7C-E998061D4CE2}.Release|Any CPU.Build.0 = Release|Any CPU
	EndGlobalSection
	GlobalSection(SolutionProperties) = preSolution
		HideSolutionNode = FALSE
	EndGlobalSection
	GlobalSection(ExtensibilityGlobals) = postSolution
		SolutionGuid = {55191015-770F-4146-86C3-70C5066069AA}
	EndGlobalSection
EndGlobal
